
Microsoft Visual Studio Solution File, Format Version 12.00
# Visual Studio 14
VisualStudioVersion = 14.0.25420.1
MinimumVisualStudioVersion = 10.0.40219.1
Project("{FAE04EC0-301F-11D3-BF4B-00C04F79EFBC}") = "AlertIntxnMap", "AlertIntxnMap\AlertIntxnMap.csproj", "{E3E3B32B-E7FF-4ACC-9D15-D76897737104}"
EndProject
Project("{FAE04EC0-301F-11D3-BF4B-00C04F79EFBC}") = "WSIMap", "..\WSIMap\WSIMap.csproj", "{7884B871-A928-41BC-B30B-1EC907CCCB26}"
EndProject
Project("{FAE04EC0-301F-11D3-BF4B-00C04F79EFBC}") = "FUL", "..\ful\FUL.csproj", "{E00650C5-FCF2-41DD-879E-F1E0E84CDF68}"
EndProject
Project("{8BC9CEB8-8B4A-11D0-8D11-00A0C91BC942}") = "tessellate", "..\WSIMap\tessellate\tessellate.vcxproj", "{5A214CF1-6B06-4E90-90D2-6AE60FA19AA9}"
EndProject
Project("{FAE04EC0-301F-11D3-BF4B-00C04F79EFBC}") = "FusionSettings", "..\FusionSettings\FusionSettings.csproj", "{80F8461F-4AEE-4608-A0D5-B89BD6D08F70}"
EndProject
Global
	GlobalSection(SolutionConfigurationPlatforms) = preSolution
		Debug|Any CPU = Debug|Any CPU
		Debug|x86 = Debug|x86
		Release|Any CPU = Release|Any CPU
		Release|x86 = Release|x86
	EndGlobalSection
	GlobalSection(ProjectConfigurationPlatforms) = postSolution
		{E3E3B32B-E7FF-4ACC-9D15-D76897737104}.Debug|Any CPU.ActiveCfg = Debug|Any CPU
		{E3E3B32B-E7FF-4ACC-9D15-D76897737104}.Debug|Any CPU.Build.0 = Debug|Any CPU
		{E3E3B32B-E7FF-4ACC-9D15-D76897737104}.Debug|x86.ActiveCfg = Debug|Any CPU
		{E3E3B32B-E7FF-4ACC-9D15-D76897737104}.Debug|x86.Build.0 = Debug|Any CPU
		{E3E3B32B-E7FF-4ACC-9D15-D76897737104}.Release|Any CPU.ActiveCfg = Release|Any CPU
		{E3E3B32B-E7FF-4ACC-9D15-D76897737104}.Release|Any CPU.Build.0 = Release|Any CPU
		{E3E3B32B-E7FF-4ACC-9D15-D76897737104}.Release|x86.ActiveCfg = Release|Any CPU
		{E3E3B32B-E7FF-4ACC-9D15-D76897737104}.Release|x86.Build.0 = Release|Any CPU
		{7884B871-A928-41BC-B30B-1EC907CCCB26}.Debug|Any CPU.ActiveCfg = Debug|Any CPU
		{7884B871-A928-41BC-B30B-1EC907CCCB26}.Debug|Any CPU.Build.0 = Debug|Any CPU
		{7884B871-A928-41BC-B30B-1EC907CCCB26}.Debug|x86.ActiveCfg = Debug|x86
		{7884B871-A928-41BC-B30B-1EC907CCCB26}.Debug|x86.Build.0 = Debug|x86
		{7884B871-A928-41BC-B30B-1EC907CCCB26}.Release|Any CPU.ActiveCfg = Release|Any CPU
		{7884B871-A928-41BC-B30B-1EC907CCCB26}.Release|Any CPU.Build.0 = Release|Any CPU
		{7884B871-A928-41BC-B30B-1EC907CCCB26}.Release|x86.ActiveCfg = Release|x86
		{7884B871-A928-41BC-B30B-1EC907CCCB26}.Release|x86.Build.0 = Release|x86
		{E00650C5-FCF2-41DD-879E-F1E0E84CDF68}.Debug|Any CPU.ActiveCfg = Debug|Any CPU
		{E00650C5-FCF2-41DD-879E-F1E0E84CDF68}.Debug|Any CPU.Build.0 = Debug|Any CPU
		{E00650C5-FCF2-41DD-879E-F1E0E84CDF68}.Debug|x86.ActiveCfg = Debug|x86
		{E00650C5-FCF2-41DD-879E-F1E0E84CDF68}.Debug|x86.Build.0 = Debug|x86
		{E00650C5-FCF2-41DD-879E-F1E0E84CDF68}.Release|Any CPU.ActiveCfg = Release|Any CPU
		{E00650C5-FCF2-41DD-879E-F1E0E84CDF68}.Release|Any CPU.Build.0 = Release|Any CPU
		{E00650C5-FCF2-41DD-879E-F1E0E84CDF68}.Release|x86.ActiveCfg = Release|x86
		{E00650C5-FCF2-41DD-879E-F1E0E84CDF68}.Release|x86.Build.0 = Release|x86
		{5A214CF1-6B06-4E90-90D2-6AE60FA19AA9}.Debug|Any CPU.ActiveCfg = Debug|Win32
		{5A214CF1-6B06-4E90-90D2-6AE60FA19AA9}.Debug|x86.ActiveCfg = Debug|Win32
		{5A214CF1-6B06-4E90-90D2-6AE60FA19AA9}.Debug|x86.Build.0 = Debug|Win32
		{5A214CF1-6B06-4E90-90D2-6AE60FA19AA9}.Release|Any CPU.ActiveCfg = Release|Win32
		{5A214CF1-6B06-4E90-90D2-6AE60FA19AA9}.Release|x86.ActiveCfg = Release|Win32
		{5A214CF1-6B06-4E90-90D2-6AE60FA19AA9}.Release|x86.Build.0 = Release|Win32
		{80F8461F-4AEE-4608-A0D5-B89BD6D08F70}.Debug|Any CPU.ActiveCfg = Debug|Any CPU
		{80F8461F-4AEE-4608-A0D5-B89BD6D08F70}.Debug|Any CPU.Build.0 = Debug|Any CPU
		{80F8461F-4AEE-4608-A0D5-B89BD6D08F70}.Debug|x86.ActiveCfg = Debug|x86
		{80F8461F-4AEE-4608-A0D5-B89BD6D08F70}.Debug|x86.Build.0 = Debug|x86
		{80F8461F-4AEE-4608-A0D5-B89BD6D08F70}.Release|Any CPU.ActiveCfg = Release|Any CPU
		{80F8461F-4AEE-4608-A0D5-B89BD6D08F70}.Release|Any CPU.Build.0 = Release|Any CPU
		{80F8461F-4AEE-4608-A0D5-B89BD6D08F70}.Release|x86.ActiveCfg = Release|x86
		{80F8461F-4AEE-4608-A0D5-B89BD6D08F70}.Release|x86.Build.0 = Release|x86
	EndGlobalSection
	GlobalSection(SolutionProperties) = preSolution
		HideSolutionNode = FALSE
	EndGlobalSection
EndGlobal
